
Microsoft Visual Studio Solution File, Format Version 12.00
# Visual Studio 14
VisualStudioVersion = 14.0.25420.1
MinimumVisualStudioVersion = 10.0.40219.1
Project("{8BC9CEB8-8B4A-11D0-8D11-00A0C91BC942}") = "tests", "tests\tests.vcxproj", "{429A2117-4B71-416B-92D4-E2C2AAC778E6}"
EndProject
Project("{8BC9CEB8-8B4A-11D0-8D11-00A0C91BC942}") = "examples", "examples\examples.vcxproj", "{2976F4EF-236F-4B24-955B-8239043B11F0}"
EndProject
Project("{8BC9CEB8-8B4A-11D0-8D11-00A0C91BC942}") = "tests_private", "tests_private\tests_private.vcxproj", "{24A81429-3F29-4879-8611-3FA880761235}"
EndProject
Project("{8BC9CEB8-8B4A-11D0-8D11-00A0C91BC942}") = "tests+", "tests+\tests+.vcxproj", "{9071C12A-999F-4A3B-ACD0-D1FDE1E4F7AE}"
EndProject
Global
	GlobalSection(SolutionConfigurationPlatforms) = preSolution
		Debug|x64 = Debug|x64
		Debug|x86 = Debug|x86
		Debug|x86-not_supported_now = Debug|x86-not_supported_now
		Release|x64 = Release|x64
		Release|x86 = Release|x86
		Release|x86-not_supported_now = Release|x86-not_supported_now
	EndGlobalSection
	GlobalSection(ProjectConfigurationPlatforms) = postSolution
		{429A2117-4B71-416B-92D4-E2C2AAC778E6}.Debug|x64.ActiveCfg = Debug|x64
		{429A2117-4B71-416B-92D4-E2C2AAC778E6}.Debug|x64.Build.0 = Debug|x64
		{429A2117-4B71-416B-92D4-E2C2AAC778E6}.Debug|x86.ActiveCfg = Debug|Win32
		{429A2117-4B71-416B-92D4-E2C2AAC778E6}.Debug|x86.Build.0 = Debug|Win32
		{429A2117-4B71-416B-92D4-E2C2AAC778E6}.Debug|x86-not_supported_now.ActiveCfg = Debug|Win32
		{429A2117-4B71-416B-92D4-E2C2AAC778E6}.Release|x64.ActiveCfg = Release|x64
		{429A2117-4B71-416B-92D4-E2C2AAC778E6}.Release|x64.Build.0 = Release|x64
		{429A2117-4B71-416B-92D4-E2C2AAC778E6}.Release|x86.ActiveCfg = Release|Win32
		{429A2117-4B71-416B-92D4-E2C2AAC778E6}.Release|x86.Build.0 = Release|Win32
		{429A2117-4B71-416B-92D4-E2C2AAC778E6}.Release|x86-not_supported_now.ActiveCfg = Release|Win32
		{2976F4EF-236F-4B24-955B-8239043B11F0}.Debug|x64.ActiveCfg = Debug|x64
		{2976F4EF-236F-4B24-955B-8239043B11F0}.Debug|x64.Build.0 = Debug|x64
		{2976F4EF-236F-4B24-955B-8239043B11F0}.Debug|x86.ActiveCfg = Debug|Win32
		{2976F4EF-236F-4B24-955B-8239043B11F0}.Debug|x86.Build.0 = Debug|Win32
		{2976F4EF-236F-4B24-955B-8239043B11F0}.Debug|x86-not_supported_now.ActiveCfg = Debug|Win32
		{2976F4EF-236F-4B24-955B-8239043B11F0}.Release|x64.ActiveCfg = Release|x64
		{2976F4EF-236F-4B24-955B-8239043B11F0}.Release|x64.Build.0 = Release|x64
		{2976F4EF-236F-4B24-955B-8239043B11F0}.Release|x86.ActiveCfg = Release|Win32
		{2976F4EF-236F-4B24-955B-8239043B11F0}.Release|x86.Build.0 = Release|Win32
		{2976F4EF-236F-4B24-955B-8239043B11F0}.Release|x86-not_supported_now.ActiveCfg = Release|Win32
		{24A81429-3F29-4879-8611-3FA880761235}.Debug|x64.ActiveCfg = Debug|x64
		{24A81429-3F29-4879-8611-3FA880761235}.Debug|x64.Build.0 = Debug|x64
		{24A81429-3F29-4879-8611-3FA880761235}.Debug|x86.ActiveCfg = Debug|Win32
		{24A81429-3F29-4879-8611-3FA880761235}.Debug|x86.Build.0 = Debug|Win32
		{24A81429-3F29-4879-8611-3FA880761235}.Debug|x86-not_supported_now.ActiveCfg = Debug|Win32
		{24A81429-3F29-4879-8611-3FA880761235}.Release|x64.ActiveCfg = Release|x64
		{24A81429-3F29-4879-8611-3FA880761235}.Release|x64.Build.0 = Release|x64
		{24A81429-3F29-4879-8611-3FA880761235}.Release|x86.ActiveCfg = Release|Win32
		{24A81429-3F29-4879-8611-3FA880761235}.Release|x86.Build.0 = Release|Win32
		{24A81429-3F29-4879-8611-3FA880761235}.Release|x86-not_supported_now.ActiveCfg = Release|Win32
		{9071C12A-999F-4A3B-ACD0-D1FDE1E4F7AE}.Debug|x64.ActiveCfg = Debug|x64
		{9071C12A-999F-4A3B-ACD0-D1FDE1E4F7AE}.Debug|x64.Build.0 = Debug|x64
		{9071C12A-999F-4A3B-ACD0-D1FDE1E4F7AE}.Debug|x86.ActiveCfg = Debug|Win32
		{9071C12A-999F-4A3B-ACD0-D1FDE1E4F7AE}.Debug|x86.Build.0 = Debug|Win32
		{9071C12A-999F-4A3B-ACD0-D1FDE1E4F7AE}.Debug|x86-not_supported_now.ActiveCfg = Debug|Win32
		{9071C12A-999F-4A3B-ACD0-D1FDE1E4F7AE}.Release|x64.ActiveCfg = Release|x64
		{9071C12A-999F-4A3B-ACD0-D1FDE1E4F7AE}.Release|x64.Build.0 = Release|x64
		{9071C12A-999F-4A3B-ACD0-D1FDE1E4F7AE}.Release|x86.ActiveCfg = Release|Win32
		{9071C12A-999F-4A3B-ACD0-D1FDE1E4F7AE}.Release|x86.Build.0 = Release|Win32
		{9071C12A-999F-4A3B-ACD0-D1FDE1E4F7AE}.Release|x86-not_supported_now.ActiveCfg = Release|Win32
	EndGlobalSection
	GlobalSection(SolutionProperties) = preSolution
		HideSolutionNode = FALSE
	EndGlobalSection
EndGlobal
