<?xml version="1.0" encoding="utf-8"?>
<Project ToolsVersion="4.0" xmlns="http://schemas.microsoft.com/developer/msbuild/2003">
  <ItemGroup>
    <Filter Include="Source Files">
      <UniqueIdentifier>{4FC737F1-C7A5-4376-A066-2A32D752A2FF}</UniqueIdentifier>
      <Extensions>cpp;c;cc;cxx;def;odl;idl;hpj;bat;asm;asmx</Extensions>
    </Filter>
    <Filter Include="Header Files">
      <UniqueIdentifier>{93995380-89BD-4b04-88EB-625FBE52EBFB}</UniqueIdentifier>
      <Extensions>h;hh;hpp;hxx;hm;inl;inc;xsd</Extensions>
    </Filter>
    <Filter Include="Resource Files">
      <UniqueIdentifier>{67DA6AB6-F800-4c08-8B7A-83BB121AAD01}</UniqueIdentifier>
      <Extensions>rc;ico;cur;bmp;dlg;rc2;rct;bin;rgs;gif;jpg;jpeg;jpe;resx;tiff;tif;png;wav;mfcribbon-ms</Extensions>
    </Filter>
    <Filter Include="nntl">
      <UniqueIdentifier>{51b53813-d7c7-461e-a9e9-00db9e02a1a5}</UniqueIdentifier>
    </Filter>
    <Filter Include="nntl\interface">
      <UniqueIdentifier>{bf664209-8c01-4281-a4d9-c681bfe2075a}</UniqueIdentifier>
    </Filter>
    <Filter Include="nntl\_supp">
      <UniqueIdentifier>{d7fc7313-f143-467b-9e20-f380170dafdd}</UniqueIdentifier>
    </Filter>
    <Filter Include="nntl\_supp\matlab">
      <UniqueIdentifier>{088e7627-4e3f-480c-80e5-0ae126b855a0}</UniqueIdentifier>
    </Filter>
    <Filter Include="nntl\interface\math">
      <UniqueIdentifier>{38e98348-a165-47d4-bc11-584ae1eb1c7b}</UniqueIdentifier>
    </Filter>
    <Filter Include="nntl\interface\rng">
      <UniqueIdentifier>{eba7153c-0c84-4496-a5a0-0969f189b834}</UniqueIdentifier>
    </Filter>
    <Filter Include="nntl\utils">
      <UniqueIdentifier>{906c6e83-e520-4de9-96a4-874450cfc2cd}</UniqueIdentifier>
    </Filter>
    <Filter Include="nntl\interface\math\bindings">
      <UniqueIdentifier>{391e252b-2501-4f79-bd7a-14716c066292}</UniqueIdentifier>
    </Filter>
    <Filter Include="nntl\interface\threads">
      <UniqueIdentifier>{bfd75091-bb20-4083-9694-24278924135a}</UniqueIdentifier>
    </Filter>
    <Filter Include="_extern">
      <UniqueIdentifier>{60231953-1ad5-4a3f-bf81-ea041f428994}</UniqueIdentifier>
    </Filter>
    <Filter Include="_extern\agner.org">
      <UniqueIdentifier>{9584a723-52a9-491b-95b3-2d0162001e06}</UniqueIdentifier>
    </Filter>
    <Filter Include="nntl\_test">
      <UniqueIdentifier>{030cc069-f894-4669-82b4-0f33f895a84a}</UniqueIdentifier>
    </Filter>
    <Filter Include="nntl\interface\mt_dispatcher">
      <UniqueIdentifier>{8f673c00-7595-4ff5-b60b-b7138005f6d7}</UniqueIdentifier>
    </Filter>
    <Filter Include="nntl\_supp\io">
      <UniqueIdentifier>{877f0750-5973-498c-98b9-9b5441dd632a}</UniqueIdentifier>
    </Filter>
    <Filter Include="nntl\layer">
      <UniqueIdentifier>{bd9910cb-a866-416e-87c4-fe090e6c14d0}</UniqueIdentifier>
    </Filter>
    <Filter Include="nntl\serialization">
      <UniqueIdentifier>{290b233c-aeaa-449e-af80-22751cbfedc6}</UniqueIdentifier>
    </Filter>
    <Filter Include="nntl\interface\inspectors">
      <UniqueIdentifier>{5524ca42-1709-4474-bddb-1124a4a6ba9b}</UniqueIdentifier>
    </Filter>
    <Filter Include="nntl\grad_works">
      <UniqueIdentifier>{632ece8d-fedb-481f-bd5c-ec49e1fbc6d8}</UniqueIdentifier>
    </Filter>
    <Filter Include="nntl\weight_init">
      <UniqueIdentifier>{4a81942d-dddd-43f8-964b-7bd1eca75f0f}</UniqueIdentifier>
    </Filter>
    <Filter Include="nntl\loss_addendum">
      <UniqueIdentifier>{a1aa024b-803c-4914-b64f-5da99852db66}</UniqueIdentifier>
    </Filter>
    <Filter Include="nntl\activations">
      <UniqueIdentifier>{0dda5f75-1bcd-4e7b-8570-deed66944c6d}</UniqueIdentifier>
    </Filter>
    <Filter Include="nntl\dropout">
      <UniqueIdentifier>{b05e69e7-3b17-48c4-85ff-ac84b58651a1}</UniqueIdentifier>
    </Filter>
  </ItemGroup>
  <ItemGroup>
    <Text Include="ReadMe.txt" />
    <Text Include="..\nntl\_supp\_about.txt">
      <Filter>nntl\_supp</Filter>
    </Text>
    <Text Include="..\nntl\interface\inspectors\_about.txt">
      <Filter>nntl\interface\inspectors</Filter>
    </Text>
  </ItemGroup>
  <ItemGroup>
    <ClInclude Include="stdafx.h">
      <Filter>Header Files</Filter>
    </ClInclude>
    <ClInclude Include="targetver.h">
      <Filter>Header Files</Filter>
    </ClInclude>
    <ClInclude Include="..\nntl\nnet.h">
      <Filter>nntl</Filter>
    </ClInclude>
    <ClInclude Include="..\nntl\nntl.h">
      <Filter>nntl</Filter>
    </ClInclude>
    <ClInclude Include="..\nntl\common.h">
      <Filter>nntl</Filter>
    </ClInclude>
    <ClInclude Include="..\nntl\activation.h">
      <Filter>nntl</Filter>
    </ClInclude>
    <ClInclude Include="..\nntl\train_data.h">
      <Filter>nntl</Filter>
    </ClInclude>
    <ClInclude Include="..\nntl\errors.h">
      <Filter>nntl</Filter>
    </ClInclude>
    <ClInclude Include="..\nntl\_defs.h">
      <Filter>nntl</Filter>
    </ClInclude>
    <ClInclude Include="..\nntl\_nnet_errs.h">
      <Filter>nntl</Filter>
    </ClInclude>
    <ClInclude Include="..\nntl\utils.h">
      <Filter>nntl</Filter>
    </ClInclude>
    <ClInclude Include="..\nntl\utils\own_or_use_ptr.h">
      <Filter>nntl\utils</Filter>
    </ClInclude>
    <ClInclude Include="..\nntl\nnet_train_opts.h">
      <Filter>nntl</Filter>
    </ClInclude>
    <ClInclude Include="..\nntl\interface\math\bindings\b_acml.h">
      <Filter>nntl\interface\math\bindings</Filter>
    </ClInclude>
    <ClInclude Include="..\nntl\interface\math\bindings\b_open_blas.h">
      <Filter>nntl\interface\math\bindings</Filter>
    </ClInclude>
    <ClInclude Include="..\nntl\interface\threads\winqdu.h">
      <Filter>nntl\interface\threads</Filter>
    </ClInclude>
    <ClInclude Include="..\nntl\interface\threads\std.h">
      <Filter>nntl\interface\threads</Filter>
    </ClInclude>
    <ClInclude Include="..\nntl\interface\threads\intel_tbb.h">
      <Filter>nntl\interface\threads</Filter>
    </ClInclude>
    <ClInclude Include="..\nntl\interface\math\bindings\b_yeppp.h">
      <Filter>nntl\interface\math\bindings</Filter>
    </ClInclude>
    <ClInclude Include="..\nntl\utils\chrono.h">
      <Filter>nntl\utils</Filter>
    </ClInclude>
    <ClInclude Include="..\nntl\interface\threads\parallel_range.h">
      <Filter>nntl\interface\threads</Filter>
    </ClInclude>
    <ClInclude Include="..\nntl\utils\scope_exit.h">
      <Filter>nntl\utils</Filter>
    </ClInclude>
    <ClInclude Include="..\nntl\training_observer.h">
      <Filter>nntl</Filter>
    </ClInclude>
    <ClInclude Include="..\nntl\utils\prioritize_workers.h">
      <Filter>nntl\utils</Filter>
    </ClInclude>
    <ClInclude Include="..\_extern\agner.org\AF_randomc_h\random.h">
      <Filter>_extern\agner.org</Filter>
    </ClInclude>
    <ClInclude Include="..\nntl\interface\rng\distr_normal_naive.h">
      <Filter>nntl\interface\rng</Filter>
    </ClInclude>
    <ClInclude Include="..\nntl\_test\test.h">
      <Filter>nntl\_test</Filter>
    </ClInclude>
    <ClInclude Include="..\nntl\interface\mt_dispatcher\mt_dispatcher.h">
      <Filter>nntl\interface\mt_dispatcher</Filter>
    </ClInclude>
    <ClInclude Include="..\nntl\utils\tictoc.h">
      <Filter>nntl\utils</Filter>
    </ClInclude>
    <ClInclude Include="..\nntl\interface\mt_dispatcher\profiler.h">
      <Filter>nntl\interface\mt_dispatcher</Filter>
    </ClInclude>
    <ClInclude Include="imath_etalons.h">
      <Filter>Header Files</Filter>
    </ClInclude>
    <ClInclude Include="simple_math_etalons.h">
      <Filter>Header Files</Filter>
    </ClInclude>
    <ClInclude Include="asserts.h">
      <Filter>Header Files</Filter>
    </ClInclude>
    <ClInclude Include="..\nntl\nnet_evaluator.h">
      <Filter>nntl</Filter>
    </ClInclude>
    <ClInclude Include="..\nntl\math.h">
      <Filter>nntl</Filter>
    </ClInclude>
    <ClInclude Include="..\nntl\interface\_i_math.h">
      <Filter>nntl\interface</Filter>
    </ClInclude>
    <ClInclude Include="..\nntl\interface\_i_threads.h">
      <Filter>nntl\interface</Filter>
    </ClInclude>
    <ClInclude Include="..\nntl\interface\_i_rng.h">
      <Filter>nntl\interface</Filter>
    </ClInclude>
    <ClInclude Include="..\nntl\layer\output.h">
      <Filter>nntl\layer</Filter>
    </ClInclude>
    <ClInclude Include="..\nntl\layer\input.h">
      <Filter>nntl\layer</Filter>
    </ClInclude>
    <ClInclude Include="..\nntl\layer\fully_connected.h">
      <Filter>nntl\layer</Filter>
    </ClInclude>
    <ClInclude Include="..\nntl\layer\_layer_base.h">
      <Filter>nntl\layer</Filter>
    </ClInclude>
    <ClInclude Include="..\nntl\_supp\io\binfile.h">
      <Filter>nntl\_supp\io</Filter>
    </ClInclude>
    <ClInclude Include="..\nntl\_supp\io\jsonreader.h">
      <Filter>nntl\_supp\io</Filter>
    </ClInclude>
    <ClInclude Include="..\nntl\_supp\io\matfile.h">
      <Filter>nntl\_supp\io</Filter>
    </ClInclude>
    <ClInclude Include="..\nntl\utils\matlab.h">
      <Filter>nntl\utils</Filter>
    </ClInclude>
    <ClInclude Include="..\nntl\serialization\serialization.h">
      <Filter>nntl\serialization</Filter>
    </ClInclude>
    <ClInclude Include="..\nntl\utils\options.h">
      <Filter>nntl\utils</Filter>
    </ClInclude>
    <ClInclude Include="..\nntl\serialization\options.h">
      <Filter>nntl\serialization</Filter>
    </ClInclude>
    <ClInclude Include="..\nntl\layers.h">
      <Filter>nntl</Filter>
    </ClInclude>
    <ClInclude Include="..\nntl\layer\pack_vertical.h">
      <Filter>nntl\layer</Filter>
    </ClInclude>
    <ClInclude Include="..\nntl\layer\_init_layers.h">
      <Filter>nntl\layer</Filter>
    </ClInclude>
    <ClInclude Include="..\nntl\layer\pack_horizontal.h">
      <Filter>nntl\layer</Filter>
    </ClInclude>
    <ClInclude Include="..\nntl\layer\_pack_.h">
      <Filter>nntl\layer</Filter>
    </ClInclude>
    <ClInclude Include="..\nntl\_test\test_weights_init.h">
      <Filter>nntl\_test</Filter>
    </ClInclude>
    <ClInclude Include="..\nntl\layer\identity.h">
      <Filter>nntl\layer</Filter>
    </ClInclude>
    <ClInclude Include="..\nntl\layer\_pack_traits.h">
      <Filter>nntl\layer</Filter>
    </ClInclude>
    <ClInclude Include="..\nntl\layer\pack_horizontal_gated.h">
      <Filter>nntl\layer</Filter>
    </ClInclude>
    <ClInclude Include="common_routines.h">
      <Filter>Header Files</Filter>
    </ClInclude>
    <ClInclude Include="..\nntl\layer\pack_tile.h">
      <Filter>nntl\layer</Filter>
    </ClInclude>
    <ClInclude Include="..\nntl\common_nn_data.h">
      <Filter>nntl</Filter>
    </ClInclude>
    <ClInclude Include="..\nntl\interfaces.h">
      <Filter>nntl</Filter>
    </ClInclude>
    <ClInclude Include="..\nntl\interface\math\mathn.h">
      <Filter>nntl\interface\math</Filter>
    </ClInclude>
    <ClInclude Include="..\nntl\interface\math\mathn_mt.h">
      <Filter>nntl\interface\math</Filter>
    </ClInclude>
    <ClInclude Include="..\nntl\interface\math\mathn_thr.h">
      <Filter>nntl\interface\math</Filter>
    </ClInclude>
    <ClInclude Include="..\nntl\interface\math\smath.h">
      <Filter>nntl\interface\math</Filter>
    </ClInclude>
    <ClInclude Include="..\nntl\interface\math\smath_thr.h">
      <Filter>nntl\interface\math</Filter>
    </ClInclude>
    <ClInclude Include="..\nntl\interface\math\smatrix.h">
      <Filter>nntl\interface\math</Filter>
    </ClInclude>
    <ClInclude Include="..\nntl\interface\rng\afrand.h">
      <Filter>nntl\interface\rng</Filter>
    </ClInclude>
    <ClInclude Include="..\nntl\interface\rng\afrand_mt.h">
      <Filter>nntl\interface\rng</Filter>
    </ClInclude>
    <ClInclude Include="..\nntl\interface\rng\afrand_mt_thr.h">
      <Filter>nntl\interface\rng</Filter>
    </ClInclude>
    <ClInclude Include="..\nntl\interface\inspectors\stdcout.h">
      <Filter>nntl\interface\inspectors</Filter>
    </ClInclude>
    <ClInclude Include="..\nntl\interface\_i_inspector.h">
      <Filter>nntl\interface</Filter>
    </ClInclude>
    <ClInclude Include="..\nntl\interface\inspectors\dummy.h">
      <Filter>nntl\interface\inspectors</Filter>
    </ClInclude>
    <ClInclude Include="..\nntl\utils\vector_conditions.h">
      <Filter>nntl\utils</Filter>
    </ClInclude>
    <ClInclude Include="..\nntl\interface\inspectors\dumper.h">
      <Filter>nntl\interface\inspectors</Filter>
    </ClInclude>
    <ClInclude Include="..\nntl\_test\functions.h">
      <Filter>nntl\_test</Filter>
    </ClInclude>
    <ClInclude Include="..\nntl\utils\denormal_floats.h">
      <Filter>nntl\utils</Filter>
    </ClInclude>
    <ClInclude Include="..\nntl\utils\mixins.h">
      <Filter>nntl\utils</Filter>
    </ClInclude>
    <ClInclude Include="..\nntl\grad_works\grad_works.h">
      <Filter>nntl\grad_works</Filter>
    </ClInclude>
    <ClInclude Include="..\nntl\grad_works\ILR.h">
      <Filter>nntl\grad_works</Filter>
    </ClInclude>
    <ClInclude Include="..\nntl\grad_works\ILR_Props.h">
      <Filter>nntl\grad_works</Filter>
    </ClInclude>
    <ClInclude Include="nn_base_arch.h">
      <Filter>Header Files</Filter>
    </ClInclude>
    <ClInclude Include="..\nntl\utils\lambdas.h">
      <Filter>nntl\utils</Filter>
    </ClInclude>
    <ClInclude Include="..\nntl\interface\inspectors\gradcheck.h">
      <Filter>nntl\interface\inspectors</Filter>
    </ClInclude>
    <ClInclude Include="..\nntl\utils\gradcheck.h">
      <Filter>nntl\utils</Filter>
    </ClInclude>
    <ClInclude Include="..\nntl\utils\bwlist.h">
      <Filter>nntl\utils</Filter>
    </ClInclude>
    <ClInclude Include="..\nntl\utils\layer_idx_keeper.h">
      <Filter>nntl\utils</Filter>
    </ClInclude>
    <ClInclude Include="..\nntl\weights_init.h">
      <Filter>nntl</Filter>
    </ClInclude>
    <ClInclude Include="..\nntl\weights_init\static.h">
      <Filter>nntl\weight_init</Filter>
    </ClInclude>
    <ClInclude Include="..\nntl\weights_init\LsuvExt.h">
      <Filter>nntl\weight_init</Filter>
    </ClInclude>
    <ClInclude Include="..\nntl\weights_init\_procedural_base.h">
      <Filter>nntl\weight_init</Filter>
    </ClInclude>
    <ClInclude Include="..\nntl\utils\dataHolder.h">
      <Filter>nntl\utils</Filter>
    </ClInclude>
    <ClInclude Include="..\nntl\utils\layers_settings.h">
      <Filter>nntl\utils</Filter>
    </ClInclude>
    <ClInclude Include="..\nntl\interface\rng\cstd.h">
      <Filter>nntl\interface\rng</Filter>
    </ClInclude>
    <ClInclude Include="..\nntl\loss_addendum\_i_loss_addendum.h">
      <Filter>nntl\loss_addendum</Filter>
    </ClInclude>
    <ClInclude Include="..\nntl\loss_addendum\L1.h">
      <Filter>nntl\loss_addendum</Filter>
    </ClInclude>
    <ClInclude Include="..\nntl\loss_addendum\L2.h">
      <Filter>nntl\loss_addendum</Filter>
    </ClInclude>
    <ClInclude Include="..\nntl\grad_works\loss_addendums.h">
      <Filter>nntl\grad_works</Filter>
    </ClInclude>
    <ClInclude Include="..\nntl\utils\tuple_utils.h">
      <Filter>nntl\utils</Filter>
    </ClInclude>
    <ClInclude Include="..\nntl\loss_addendum\DeCov.h">
      <Filter>nntl\loss_addendum</Filter>
    </ClInclude>
    <ClInclude Include="..\nntl\layer\_penalized_activations_base.h">
      <Filter>nntl\layer</Filter>
    </ClInclude>
    <ClInclude Include="..\nntl\utils\confusion_mtx.h">
      <Filter>nntl\utils</Filter>
    </ClInclude>
    <ClInclude Include="..\nntl\activations\_i_activation.h">
      <Filter>nntl\activations</Filter>
    </ClInclude>
    <ClInclude Include="..\nntl\activations\sigm.h">
      <Filter>nntl\activations</Filter>
    </ClInclude>
    <ClInclude Include="..\nntl\activations\softmax.h">
      <Filter>nntl\activations</Filter>
    </ClInclude>
    <ClInclude Include="..\nntl\activations\relu_family.h">
      <Filter>nntl\activations</Filter>
    </ClInclude>
    <ClInclude Include="..\nntl\activations\elu.h">
      <Filter>nntl\activations</Filter>
    </ClInclude>
    <ClInclude Include="..\nntl\activations\elogu.h">
      <Filter>nntl\activations</Filter>
    </ClInclude>
    <ClInclude Include="..\nntl\activations\loglogu.h">
      <Filter>nntl\activations</Filter>
    </ClInclude>
    <ClInclude Include="..\nntl\activations\softsign.h">
      <Filter>nntl\activations</Filter>
    </ClInclude>
    <ClInclude Include="..\nntl\activations\softsigm.h">
      <Filter>nntl\activations</Filter>
    </ClInclude>
    <ClInclude Include="..\nntl\activations\selu.h">
      <Filter>nntl\activations</Filter>
    </ClInclude>
    <ClInclude Include="..\nntl\activations\step.h">
      <Filter>nntl\activations</Filter>
    </ClInclude>
    <ClInclude Include="..\nntl\layer\_activation_wrapper.h">
      <Filter>nntl\layer</Filter>
    </ClInclude>
    <ClInclude Include="..\nntl\dropout.h">
      <Filter>nntl</Filter>
    </ClInclude>
    <ClInclude Include="..\nntl\dropout\_base.h">
      <Filter>nntl\dropout</Filter>
    </ClInclude>
    <ClInclude Include="..\nntl\dropout\dropout.h">
      <Filter>nntl\dropout</Filter>
    </ClInclude>
    <ClInclude Include="..\nntl\dropout\alpha_dropout.h">
      <Filter>nntl\dropout</Filter>
    </ClInclude>
    <ClInclude Include="..\nntl\_SNN_common.h">
      <Filter>nntl</Filter>
    </ClInclude>
    <ClInclude Include="..\nntl\layer\extensions.h">
      <Filter>nntl\layer</Filter>
    </ClInclude>
    <ClInclude Include="..\nntl\layer\extender.h">
      <Filter>nntl\layer</Filter>
    </ClInclude>
  </ItemGroup>
  <ItemGroup>
    <ClCompile Include="stdafx.cpp">
      <Filter>Source Files</Filter>
    </ClCompile>
    <ClCompile Include="tests.cpp">
      <Filter>Source Files</Filter>
    </ClCompile>
    <ClCompile Include="test_simple_matrix.cpp">
      <Filter>Source Files</Filter>
    </ClCompile>
    <ClCompile Include="test_util.cpp">
      <Filter>Source Files</Filter>
    </ClCompile>
    <ClCompile Include="test_threading.cpp">
      <Filter>Source Files</Filter>
    </ClCompile>
    <ClCompile Include="test_b_open_blas.cpp">
      <Filter>Source Files</Filter>
    </ClCompile>
    <ClCompile Include="test_jsonreader.cpp">
      <Filter>Source Files</Filter>
    </ClCompile>
    <ClCompile Include="test_binfile.cpp">
      <Filter>Source Files</Filter>
    </ClCompile>
    <ClCompile Include="test_rng.cpp">
      <Filter>Source Files</Filter>
    </ClCompile>
    <ClCompile Include="test_perf_decisions.cpp">
      <Filter>Source Files</Filter>
    </ClCompile>
    <ClCompile Include="test_imath_basic.cpp">
      <Filter>Source Files</Filter>
    </ClCompile>
    <ClCompile Include="imath_etalons.cpp">
      <Filter>Source Files</Filter>
    </ClCompile>
    <ClCompile Include="test_simple_math.cpp">
      <Filter>Source Files</Filter>
    </ClCompile>
    <ClCompile Include="simple_math_etalons.cpp">
      <Filter>Source Files</Filter>
    </ClCompile>
    <ClCompile Include="test_simple_math_thr.cpp">
      <Filter>Source Files</Filter>
    </ClCompile>
    <ClCompile Include="test_imath_basic_thr.cpp">
      <Filter>Source Files</Filter>
    </ClCompile>
    <ClCompile Include="test_matfile.cpp">
      <Filter>Source Files</Filter>
    </ClCompile>
    <ClCompile Include="test_nnet.cpp">
      <Filter>Source Files</Filter>
    </ClCompile>
    <ClCompile Include="test_layer_pack_horizontal.cpp">
      <Filter>Source Files</Filter>
    </ClCompile>
    <ClCompile Include="test_layer_pack_horizontal_gated.cpp">
      <Filter>Source Files</Filter>
    </ClCompile>
    <ClCompile Include="common_routines.cpp">
      <Filter>Source Files</Filter>
    </ClCompile>
    <ClCompile Include="test_layer_pack_tile.cpp">
      <Filter>Source Files</Filter>
    </ClCompile>
    <ClCompile Include="test_inspectors.cpp">
      <Filter>Source Files</Filter>
    </ClCompile>
    <ClCompile Include="test_layer_pack_vertical.cpp">
      <Filter>Source Files</Filter>
    </ClCompile>
    <ClCompile Include="test_layer_penalized_activations.cpp">
      <Filter>Source Files</Filter>
    </ClCompile>
    <ClCompile Include="test_selu.cpp">
      <Filter>Source Files</Filter>
    </ClCompile>
  </ItemGroup>
  <ItemGroup>
    <None Include="..\nntl\_supp\matlab\td2json_file.m">
      <Filter>nntl\_supp\matlab</Filter>
    </None>
    <None Include="..\nntl\_supp\matlab\export_2bin.m">
      <Filter>nntl\_supp\matlab</Filter>
    </None>
    <None Include="..\nntl\_supp\matlab\mnist2bin.m">
      <Filter>nntl\_supp\matlab</Filter>
    </None>
    <None Include="..\nntl\_supp\matlab\mnist2json.m">
      <Filter>nntl\_supp\matlab</Filter>
    </None>
    <None Include="..\nntl\_supp\matlab\struct_transpose.m">
      <Filter>nntl\_supp\matlab</Filter>
    </None>
    <None Include="..\README.md">
      <Filter>nntl</Filter>
    </None>
  </ItemGroup>
</Project>